
Microsoft Visual Studio Solution File, Format Version 12.00
# Visual Studio Version 16
VisualStudioVersion = 16.0.31624.102
MinimumVisualStudioVersion = 10.0.40219.1
Project("{FAE04EC0-301F-11D3-BF4B-00C04F79EFBC}") = "ContactTracing", "ContactTracing\ContactTracing.csproj", "{5AAFB0BB-2230-4516-B735-C5731B20C149}"
EndProject
Global
	GlobalSection(SolutionConfigurationPlatforms) = preSolution
		Debug|Any CPU = Debug|Any CPU
		Release|Any CPU = Release|Any CPU
	EndGlobalSection
	GlobalSection(ProjectConfigurationPlatforms) = postSolution
		{5AAFB0BB-2230-4516-B735-C5731B20C149}.Debug|Any CPU.ActiveCfg = Debug|Any CPU
		{5AAFB0BB-2230-4516-B735-C5731B20C149}.Debug|Any CPU.Build.0 = Debug|Any CPU
		{5AAFB0BB-2230-4516-B735-C5731B20C149}.Release|Any CPU.ActiveCfg = Release|Any CPU
		{5AAFB0BB-2230-4516-B735-C5731B20C149}.Release|Any CPU.Build.0 = Release|Any CPU
	EndGlobalSection
	GlobalSection(SolutionProperties) = preSolution
		HideSolutionNode = FALSE
	EndGlobalSection
	GlobalSection(ExtensibilityGlobals) = postSolution
		SolutionGuid = {FDA85E96-B5CC-4FFE-84EB-4819DFD66457}
	EndGlobalSection
EndGlobal
